// !$*UTF8*$!
{
	archiveVersion = 1;
	classes = {
	};
	objectVersion = 46;
	objects = {

/* Begin PBXBuildFile section */
		D48AB9FE14E6BF1500FDF023 /* UIKit.framework in Frameworks */ = {isa = PBXBuildFile; fileRef = D48AB9FD14E6BF1500FDF023 /* UIKit.framework */; };
		D48ABA0014E6BF1500FDF023 /* Foundation.framework in Frameworks */ = {isa = PBXBuildFile; fileRef = D48AB9FF14E6BF1500FDF023 /* Foundation.framework */; };
		D48ABA0214E6BF1500FDF023 /* CoreGraphics.framework in Frameworks */ = {isa = PBXBuildFile; fileRef = D48ABA0114E6BF1500FDF023 /* CoreGraphics.framework */; };
		D48ABA0814E6BF1500FDF023 /* InfoPlist.strings in Resources */ = {isa = PBXBuildFile; fileRef = D48ABA0614E6BF1500FDF023 /* InfoPlist.strings */; };
		D48ABA0A14E6BF1500FDF023 /* main.m in Sources */ = {isa = PBXBuildFile; fileRef = D48ABA0914E6BF1500FDF023 /* main.m */; };
		D48ABA0E14E6BF1500FDF023 /* CalculatorAppDelegate.m in Sources */ = {isa = PBXBuildFile; fileRef = D48ABA0D14E6BF1500FDF023 /* CalculatorAppDelegate.m */; };
		D48ABA1114E6BF1500FDF023 /* MainStoryboard_iPhone.storyboard in Resources */ = {isa = PBXBuildFile; fileRef = D48ABA0F14E6BF1500FDF023 /* MainStoryboard_iPhone.storyboard */; };
		D48ABA1414E6BF1500FDF023 /* MainStoryboard_iPad.storyboard in Resources */ = {isa = PBXBuildFile; fileRef = D48ABA1214E6BF1500FDF023 /* MainStoryboard_iPad.storyboard */; };
		D48ABA1714E6BF1500FDF023 /* CalculatorViewController.m in Sources */ = {isa = PBXBuildFile; fileRef = D48ABA1614E6BF1500FDF023 /* CalculatorViewController.m */; };
/* End PBXBuildFile section */

/* Begin PBXFileReference section */
		D48AB9F914E6BF1500FDF023 /* Calculator.app */ = {isa = PBXFileReference; explicitFileType = wrapper.application; includeInIndex = 0; path = Calculator.app; sourceTree = BUILT_PRODUCTS_DIR; };
		D48AB9FD14E6BF1500FDF023 /* UIKit.framework */ = {isa = PBXFileReference; lastKnownFileType = wrapper.framework; name = UIKit.framework; path = System/Library/Frameworks/UIKit.framework; sourceTree = SDKROOT; };
		D48AB9FF14E6BF1500FDF023 /* Foundation.framework */ = {isa = PBXFileReference; lastKnownFileType = wrapper.framework; name = Foundation.framework; path = System/Library/Frameworks/Foundation.framework; sourceTree = SDKROOT; };
		D48ABA0114E6BF1500FDF023 /* CoreGraphics.framework */ = {isa = PBXFileReference; lastKnownFileType = wrapper.framework; name = CoreGraphics.framework; path = System/Library/Frameworks/CoreGraphics.framework; sourceTree = SDKROOT; };
		D48ABA0514E6BF1500FDF023 /* Calculator-Info.plist */ = {isa = PBXFileReference; path = "Calculator-Info.plist"; sourceTree = "<group>"; };
		D48ABA0714E6BF1500FDF023 /* en */ = {isa = PBXFileReference; lastKnownFileType = text.plist.strings; name = en; path = en.lproj/InfoPlist.strings; sourceTree = "<group>"; };
		D48ABA0914E6BF1500FDF023 /* main.m */ = {isa = PBXFileReference; lastKnownFileType = sourcecode.c.objc; path = main.m; sourceTree = "<group>"; };
		D48ABA0B14E6BF1500FDF023 /* Calculator-Prefix.pch */ = {isa = PBXFileReference; path = "Calculator-Prefix.pch"; sourceTree = "<group>"; };
		D48ABA0C14E6BF1500FDF023 /* CalculatorAppDelegate.h */ = {isa = PBXFileReference; path = CalculatorAppDelegate.h; sourceTree = "<group>"; };
		D48ABA0D14E6BF1500FDF023 /* CalculatorAppDelegate.m */ = {isa = PBXFileReference; lastKnownFileType = sourcecode.c.objc; path = CalculatorAppDelegate.m; sourceTree = "<group>"; };
		D48ABA1014E6BF1500FDF023 /* en */ = {isa = PBXFileReference; lastKnownFileType = file.storyboard; name = en; path = en.lproj/MainStoryboard_iPhone.storyboard; sourceTree = "<group>"; };
		D48ABA1314E6BF1500FDF023 /* en */ = {isa = PBXFileReference; lastKnownFileType = file.storyboard; name = en; path = en.lproj/MainStoryboard_iPad.storyboard; sourceTree = "<group>"; };
		D48ABA1514E6BF1500FDF023 /* CalculatorViewController.h */ = {isa = PBXFileReference; path = CalculatorViewController.h; sourceTree = "<group>"; };
		D48ABA1614E6BF1500FDF023 /* CalculatorViewController.m */ = {isa = PBXFileReference; lastKnownFileType = sourcecode.c.objc; path = CalculatorViewController.m; sourceTree = "<group>"; };
/* End PBXFileReference section */

/* Begin PBXFrameworksBuildPhase section */
		D48AB9F614E6BF1500FDF023 /* Frameworks */ = {
			isa = PBXFrameworksBuildPhase;
			buildActionMask = 2147483647;
			files = (
				D48AB9FE14E6BF1500FDF023 /* UIKit.framework in Frameworks */,
				D48ABA0014E6BF1500FDF023 /* Foundation.framework in Frameworks */,
				D48ABA0214E6BF1500FDF023 /* CoreGraphics.framework in Frameworks */,
			);
			runOnlyForDeploymentPostprocessing = 0;
		};
/* End PBXFrameworksBuildPhase section */

/* Begin PBXGroup section */
		D48AB9EE14E6BF1400FDF023 = {
			isa = PBXGroup;
			children = (
				D48ABA0314E6BF1500FDF023 /* Calculator */,
				D48AB9FC14E6BF1500FDF023 /* Frameworks */,
				D48AB9FA14E6BF1500FDF023 /* Products */,
			);
			sourceTree = "<group>";
		};
		D48AB9FA14E6BF1500FDF023 /* Products */ = {
			isa = PBXGroup;
			children = (
				D48AB9F914E6BF1500FDF023 /* Calculator.app */,
			);
			name = Products;
			sourceTree = "<group>";
		};
		D48AB9FC14E6BF1500FDF023 /* Frameworks */ = {
			isa = PBXGroup;
			children = (
				D48AB9FD14E6BF1500FDF023 /* UIKit.framework */,
				D48AB9FF14E6BF1500FDF023 /* Foundation.framework */,
				D48ABA0114E6BF1500FDF023 /* CoreGraphics.framework */,
			);
			name = Frameworks;
			sourceTree = "<group>";
		};
		D48ABA0314E6BF1500FDF023 /* Calculator */ = {
			isa = PBXGroup;
			children = (
				D48ABA0C14E6BF1500FDF023 /* CalculatorAppDelegate.h */,
				D48ABA0D14E6BF1500FDF023 /* CalculatorAppDelegate.m */,
				D48ABA0F14E6BF1500FDF023 /* MainStoryboard_iPhone.storyboard */,
				D48ABA1214E6BF1500FDF023 /* MainStoryboard_iPad.storyboard */,
				D48ABA1514E6BF1500FDF023 /* CalculatorViewController.h */,
				D48ABA1614E6BF1500FDF023 /* CalculatorViewController.m */,
				D48ABA0414E6BF1500FDF023 /* Supporting Files */,
			);
			path = Calculator;
			sourceTree = "<group>";
		};
		D48ABA0414E6BF1500FDF023 /* Supporting Files */ = {
			isa = PBXGroup;
			children = (
				D48ABA0514E6BF1500FDF023 /* Calculator-Info.plist */,
				D48ABA0614E6BF1500FDF023 /* InfoPlist.strings */,
				D48ABA0914E6BF1500FDF023 /* main.m */,
				D48ABA0B14E6BF1500FDF023 /* Calculator-Prefix.pch */,
			);
			name = "Supporting Files";
			sourceTree = "<group>";
		};
/* End PBXGroup section */

/* Begin PBXNativeTarget section */
		D48AB9F814E6BF1500FDF023 /* Calculator */ = {
			isa = PBXNativeTarget;
			buildConfigurationList = D48ABA1A14E6BF1500FDF023 /* Build configuration list for PBXNativeTarget "Calculator" */;
			buildPhases = (
				D48AB9F514E6BF1500FDF023 /* Sources */,
				D48AB9F614E6BF1500FDF023 /* Frameworks */,
				D48AB9F714E6BF1500FDF023 /* Resources */,
			);
			buildRules = (
			);
			dependencies = (
			);
			name = Calculator;
			productName = Calculator;
			productReference = D48AB9F914E6BF1500FDF023 /* Calculator.app */;
			productType = "com.apple.product-type.application";
		};
/* End PBXNativeTarget section */

/* Begin PBXProject section */
		D48AB9F014E6BF1400FDF023 /* Project object */ = {
			isa = PBXProject;
			attributes = {
				LastUpgradeCheck = 0420;
			};
			buildConfigurationList = D48AB9F314E6BF1400FDF023 /* Build configuration list for PBXProject "Calculator" */;
			compatibilityVersion = "Xcode 3.2";
			developmentRegion = English;
			hasScannedForEncodings = 0;
			knownRegions = (
				en,
			);
			mainGroup = D48AB9EE14E6BF1400FDF023;
			productRefGroup = D48AB9FA14E6BF1500FDF023 /* Products */;
			projectDirPath = "";
			projectRoot = "";
			targets = (
				D48AB9F814E6BF1500FDF023 /* Calculator */,
			);
		};
/* End PBXProject section */

/* Begin PBXResourcesBuildPhase section */
		D48AB9F714E6BF1500FDF023 /* Resources */ = {
			isa = PBXResourcesBuildPhase;
			buildActionMask = 2147483647;
			files = (
				D48ABA0814E6BF1500FDF023 /* InfoPlist.strings in Resources */,
				D48ABA1114E6BF1500FDF023 /* MainStoryboard_iPhone.storyboard in Resources */,
				D48ABA1414E6BF1500FDF023 /* MainStoryboard_iPad.storyboard in Resources */,
			);
			runOnlyForDeploymentPostprocessing = 0;
		};
/* End PBXResourcesBuildPhase section */

/* Begin PBXSourcesBuildPhase section */
		D48AB9F514E6BF1500FDF023 /* Sources */ = {
			isa = PBXSourcesBuildPhase;
			buildActionMask = 2147483647;
			files = (
				D48ABA0A14E6BF1500FDF023 /* main.m in Sources */,
				D48ABA0E14E6BF1500FDF023 /* CalculatorAppDelegate.m in Sources */,
				D48ABA1714E6BF1500FDF023 /* CalculatorViewController.m in Sources */,
			);
			runOnlyForDeploymentPostprocessing = 0;
		};
/* End PBXSourcesBuildPhase section */

/* Begin PBXVariantGroup section */
		D48ABA0614E6BF1500FDF023 /* InfoPlist.strings */ = {
			isa = PBXVariantGroup;
			children = (
				D48ABA0714E6BF1500FDF023 /* en */,
			);
			name = InfoPlist.strings;
			sourceTree = "<group>";
		};
		D48ABA0F14E6BF1500FDF023 /* MainStoryboard_iPhone.storyboard */ = {
			isa = PBXVariantGroup;
			children = (
				D48ABA1014E6BF1500FDF023 /* en */,
			);
			name = MainStoryboard_iPhone.storyboard;
			sourceTree = "<group>";
		};
		D48ABA1214E6BF1500FDF023 /* MainStoryboard_iPad.storyboard */ = {
			isa = PBXVariantGroup;
			children = (
				D48ABA1314E6BF1500FDF023 /* en */,
			);
			name = MainStoryboard_iPad.storyboard;
			sourceTree = "<group>";
		};
/* End PBXVariantGroup section */

/* Begin XCBuildConfiguration section */
		D48ABA1814E6BF1500FDF023 /* Debug */ = {
			isa = XCBuildConfiguration;
			buildSettings = {
				ALWAYS_SEARCH_USER_PATHS = NO;
				ARCHS = "$(ARCHS_STANDARD_32_BIT)";
				CLANG_ENABLE_OBJC_ARC = YES;
				"CODE_SIGN_IDENTITY[sdk=iphoneos*]" = "iPhone Developer";
				COPY_PHASE_STRIP = NO;
				GCC_C_LANGUAGE_STANDARD = gnu99;
				GCC_DYNAMIC_NO_PIC = NO;
				GCC_OPTIMIZATION_LEVEL = 0;
				GCC_PREPROCESSOR_DEFINITIONS = (
					"DEBUG=1",
					"$(inherited)",
				);
				GCC_SYMBOLS_PRIVATE_EXTERN = NO;
				GCC_VERSION = com.apple.compilers.llvm.clang.1_0;
				GCC_WARN_ABOUT_MISSING_PROTOTYPES = YES;
				GCC_WARN_ABOUT_RETURN_TYPE = YES;
				GCC_WARN_UNUSED_VARIABLE = YES;
				IPHONEOS_DEPLOYMENT_TARGET = 5.0;
				SDKROOT = iphoneos;
				TARGETED_DEVICE_FAMILY = "1,2";
			};
			name = Debug;
		};
		D48ABA1914E6BF1500FDF023 /* Release */ = {
			isa = XCBuildConfiguration;
			buildSettings = {
				ALWAYS_SEARCH_USER_PATHS = NO;
				ARCHS = "$(ARCHS_STANDARD_32_BIT)";
				CLANG_ENABLE_OBJC_ARC = YES;
				"CODE_SIGN_IDENTITY[sdk=iphoneos*]" = "iPhone Developer";
				COPY_PHASE_STRIP = YES;
				GCC_C_LANGUAGE_STANDARD = gnu99;
				GCC_VERSION = com.apple.compilers.llvm.clang.1_0;
				GCC_WARN_ABOUT_MISSING_PROTOTYPES = YES;
				GCC_WARN_ABOUT_RETURN_TYPE = YES;
				GCC_WARN_UNUSED_VARIABLE = YES;
				IPHONEOS_DEPLOYMENT_TARGET = 5.0;
				OTHER_CFLAGS = "-DNS_BLOCK_ASSERTIONS=1";
				SDKROOT = iphoneos;
				TARGETED_DEVICE_FAMILY = "1,2";
				VALIDATE_PRODUCT = YES;
			};
			name = Release;
		};
		D48ABA1B14E6BF1500FDF023 /* Debug */ = {
			isa = XCBuildConfiguration;
			buildSettings = {
				GCC_PRECOMPILE_PREFIX_HEADER = YES;
				GCC_PREFIX_HEADER = "Calculator/Calculator-Prefix.pch";
				INFOPLIST_FILE = "Calculator/Calculator-Info.plist";
				PRODUCT_NAME = "$(TARGET_NAME)";
				WRAPPER_EXTENSION = app;
			};
			name = Debug;
		};
		D48ABA1C14E6BF1500FDF023 /* Release */ = {
			isa = XCBuildConfiguration;
			buildSettings = {
				GCC_PRECOMPILE_PREFIX_HEADER = YES;
				GCC_PREFIX_HEADER = "Calculator/Calculator-Prefix.pch";
				INFOPLIST_FILE = "Calculator/Calculator-Info.plist";
				PRODUCT_NAME = "$(TARGET_NAME)";
				WRAPPER_EXTENSION = app;
			};
			name = Release;
		};
/* End XCBuildConfiguration section */

/* Begin XCConfigurationList section */
		D48AB9F314E6BF1400FDF023 /* Build configuration list for PBXProject "Calculator" */ = {
			isa = XCConfigurationList;
			buildConfigurations = (
				D48ABA1814E6BF1500FDF023 /* Debug */,
				D48ABA1914E6BF1500FDF023 /* Release */,
			);
			defaultConfigurationIsVisible = 0;
			defaultConfigurationName = Release;
		};
		D48ABA1A14E6BF1500FDF023 /* Build configuration list for PBXNativeTarget "Calculator" */ = {
			isa = XCConfigurationList;
			buildConfigurations = (
				D48ABA1B14E6BF1500FDF023 /* Debug */,
				D48ABA1C14E6BF1500FDF023 /* Release */,
			);
			defaultConfigurationIsVisible = 0;
		};
/* End XCConfigurationList section */
	};
	rootObject = D48AB9F014E6BF1400FDF023 /* Project object */;
}
